// !$*UTF8*$!
{
	archiveVersion = 1;
	classes = {
	};
	objectVersion = 46;
	objects = {

/* Begin PBXBuildFile section */
		7D880C5D1E4070FDFAB1DE60 /* libPods.a in Frameworks */ = {isa = PBXBuildFile; fileRef = 74AC1516C923A23819B8EF8B /* libPods.a */; };
		BB3F0DF61BD8BE1000B4E75B /* APIKeys.swift in Sources */ = {isa = PBXBuildFile; fileRef = BB3F0DF51BD8BE1000B4E75B /* APIKeys.swift */; settings = {ASSET_TAGS = (); }; };
		BB3F0DF81BD8BF3C00B4E75B /* APIKeys.plist in Resources */ = {isa = PBXBuildFile; fileRef = BB3F0DF71BD8BF3C00B4E75B /* APIKeys.plist */; settings = {ASSET_TAGS = (); }; };
		DA2E84E81BD5B3EA0006ED8C /* AppDelegate.swift in Sources */ = {isa = PBXBuildFile; fileRef = DA2E84E71BD5B3EA0006ED8C /* AppDelegate.swift */; };
		DA2E84EA1BD5B3EA0006ED8C /* ViewController.swift in Sources */ = {isa = PBXBuildFile; fileRef = DA2E84E91BD5B3EA0006ED8C /* ViewController.swift */; };
		DA2E84ED1BD5B3EA0006ED8C /* Main.storyboard in Resources */ = {isa = PBXBuildFile; fileRef = DA2E84EB1BD5B3EA0006ED8C /* Main.storyboard */; };
		DA2E84EF1BD5B3EA0006ED8C /* Assets.xcassets in Resources */ = {isa = PBXBuildFile; fileRef = DA2E84EE1BD5B3EA0006ED8C /* Assets.xcassets */; };
		DA2E84F21BD5B3EA0006ED8C /* LaunchScreen.storyboard in Resources */ = {isa = PBXBuildFile; fileRef = DA2E84F01BD5B3EA0006ED8C /* LaunchScreen.storyboard */; };
		DAD57F9B1BD634CF00D4A43B /* MapViewController.swift in Sources */ = {isa = PBXBuildFile; fileRef = DAD57F9A1BD634CF00D4A43B /* MapViewController.swift */; settings = {ASSET_TAGS = (); }; };
/* End PBXBuildFile section */

/* Begin PBXFileReference section */
		025923A6ED354FB7982E722B /* Pods.release.xcconfig */ = {isa = PBXFileReference; includeInIndex = 1; lastKnownFileType = text.xcconfig; name = Pods.release.xcconfig; path = "Pods/Target Support Files/Pods/Pods.release.xcconfig"; sourceTree = "<group>"; };
		58F082AC389DD6DF27A23221 /* Pods.debug.xcconfig */ = {isa = PBXFileReference; includeInIndex = 1; lastKnownFileType = text.xcconfig; name = Pods.debug.xcconfig; path = "Pods/Target Support Files/Pods/Pods.debug.xcconfig"; sourceTree = "<group>"; };
		74AC1516C923A23819B8EF8B /* libPods.a */ = {isa = PBXFileReference; explicitFileType = archive.ar; includeInIndex = 0; path = libPods.a; sourceTree = BUILT_PRODUCTS_DIR; };
		BB3F0DF51BD8BE1000B4E75B /* APIKeys.swift */ = {isa = PBXFileReference; fileEncoding = 4; lastKnownFileType = sourcecode.swift; path = APIKeys.swift; sourceTree = "<group>"; };
		BB3F0DF71BD8BF3C00B4E75B /* APIKeys.plist */ = {isa = PBXFileReference; fileEncoding = 4; lastKnownFileType = text.plist.xml; path = APIKeys.plist; sourceTree = "<group>"; };
		DA2E84E41BD5B3EA0006ED8C /* photosphere.app */ = {isa = PBXFileReference; explicitFileType = wrapper.application; includeInIndex = 0; path = photosphere.app; sourceTree = BUILT_PRODUCTS_DIR; };
		DA2E84E71BD5B3EA0006ED8C /* AppDelegate.swift */ = {isa = PBXFileReference; lastKnownFileType = sourcecode.swift; path = AppDelegate.swift; sourceTree = "<group>"; };
		DA2E84E91BD5B3EA0006ED8C /* ViewController.swift */ = {isa = PBXFileReference; lastKnownFileType = sourcecode.swift; path = ViewController.swift; sourceTree = "<group>"; };
		DA2E84EC1BD5B3EA0006ED8C /* Base */ = {isa = PBXFileReference; lastKnownFileType = file.storyboard; name = Base; path = Base.lproj/Main.storyboard; sourceTree = "<group>"; };
		DA2E84EE1BD5B3EA0006ED8C /* Assets.xcassets */ = {isa = PBXFileReference; lastKnownFileType = folder.assetcatalog; path = Assets.xcassets; sourceTree = "<group>"; };
		DA2E84F11BD5B3EA0006ED8C /* Base */ = {isa = PBXFileReference; lastKnownFileType = file.storyboard; name = Base; path = Base.lproj/LaunchScreen.storyboard; sourceTree = "<group>"; };
		DA2E84F31BD5B3EA0006ED8C /* Info.plist */ = {isa = PBXFileReference; lastKnownFileType = text.plist.xml; path = Info.plist; sourceTree = "<group>"; };
		DAD57F9A1BD634CF00D4A43B /* MapViewController.swift */ = {isa = PBXFileReference; fileEncoding = 4; lastKnownFileType = sourcecode.swift; path = MapViewController.swift; sourceTree = "<group>"; };
/* End PBXFileReference section */

/* Begin PBXFrameworksBuildPhase section */
		DA2E84E11BD5B3EA0006ED8C /* Frameworks */ = {
			isa = PBXFrameworksBuildPhase;
			buildActionMask = 2147483647;
			files = (
				7D880C5D1E4070FDFAB1DE60 /* libPods.a in Frameworks */,
			);
			runOnlyForDeploymentPostprocessing = 0;
		};
/* End PBXFrameworksBuildPhase section */

/* Begin PBXGroup section */
		79B71D5EB161FFEC9A77C11B /* Frameworks */ = {
			isa = PBXGroup;
			children = (
				74AC1516C923A23819B8EF8B /* libPods.a */,
			);
			name = Frameworks;
			sourceTree = "<group>";
		};
		9B5A053779838A9CE714F4D1 /* Pods */ = {
			isa = PBXGroup;
			children = (
				58F082AC389DD6DF27A23221 /* Pods.debug.xcconfig */,
				025923A6ED354FB7982E722B /* Pods.release.xcconfig */,
			);
			name = Pods;
			sourceTree = "<group>";
		};
		BB3F0DF41BD8BDFA00B4E75B /* API Keys */ = {
			isa = PBXGroup;
			children = (
				BB3F0DF71BD8BF3C00B4E75B /* APIKeys.plist */,
				BB3F0DF51BD8BE1000B4E75B /* APIKeys.swift */,
			);
			name = "API Keys";
			sourceTree = "<group>";
		};
		DA2E84DB1BD5B3EA0006ED8C = {
			isa = PBXGroup;
			children = (
				DA2E84E61BD5B3EA0006ED8C /* photosphere */,
				DA2E84E51BD5B3EA0006ED8C /* Products */,
				9B5A053779838A9CE714F4D1 /* Pods */,
				79B71D5EB161FFEC9A77C11B /* Frameworks */,
			);
			sourceTree = "<group>";
		};
		DA2E84E51BD5B3EA0006ED8C /* Products */ = {
			isa = PBXGroup;
			children = (
				DA2E84E41BD5B3EA0006ED8C /* photosphere.app */,
			);
			name = Products;
			sourceTree = "<group>";
		};
		DA2E84E61BD5B3EA0006ED8C /* photosphere */ = {
			isa = PBXGroup;
			children = (
				BB3F0DF41BD8BDFA00B4E75B /* API Keys */,
				DAD57F991BD6342800D4A43B /* ViewControllers */,
				DA2E84E71BD5B3EA0006ED8C /* AppDelegate.swift */,
				DA2E84EB1BD5B3EA0006ED8C /* Main.storyboard */,
				DA2E84EE1BD5B3EA0006ED8C /* Assets.xcassets */,
				DA2E84F01BD5B3EA0006ED8C /* LaunchScreen.storyboard */,
				DA2E84F31BD5B3EA0006ED8C /* Info.plist */,
			);
			path = photosphere;
			sourceTree = "<group>";
		};
		DAD57F991BD6342800D4A43B /* ViewControllers */ = {
			isa = PBXGroup;
			children = (
				DA2E84E91BD5B3EA0006ED8C /* ViewController.swift */,
				DAD57F9A1BD634CF00D4A43B /* MapViewController.swift */,
			);
			name = ViewControllers;
			sourceTree = "<group>";
		};
/* End PBXGroup section */

/* Begin PBXNativeTarget section */
		DA2E84E31BD5B3EA0006ED8C /* photosphere */ = {
			isa = PBXNativeTarget;
			buildConfigurationList = DA2E850C1BD5B3EA0006ED8C /* Build configuration list for PBXNativeTarget "photosphere" */;
			buildPhases = (
				EB8F716444A76695F4933FD6 /* Check Pods Manifest.lock */,
				DA2E84E01BD5B3EA0006ED8C /* Sources */,
				DA2E84E11BD5B3EA0006ED8C /* Frameworks */,
				DA2E84E21BD5B3EA0006ED8C /* Resources */,
				05138D87443A8C75CC768E8C /* Copy Pods Resources */,
			);
			buildRules = (
			);
			dependencies = (
			);
			name = photosphere;
			productName = photosphere;
			productReference = DA2E84E41BD5B3EA0006ED8C /* photosphere.app */;
			productType = "com.apple.product-type.application";
		};
/* End PBXNativeTarget section */

/* Begin PBXProject section */
		DA2E84DC1BD5B3EA0006ED8C /* Project object */ = {
			isa = PBXProject;
			attributes = {
				LastUpgradeCheck = 0700;
				ORGANIZATIONNAME = CodePath;
				TargetAttributes = {
					DA2E84E31BD5B3EA0006ED8C = {
						CreatedOnToolsVersion = 7.0;
						DevelopmentTeam = 62U98MY9NL;
					};
				};
			};
			buildConfigurationList = DA2E84DF1BD5B3EA0006ED8C /* Build configuration list for PBXProject "photosphere" */;
			compatibilityVersion = "Xcode 3.2";
			developmentRegion = English;
			hasScannedForEncodings = 0;
			knownRegions = (
				en,
				Base,
			);
			mainGroup = DA2E84DB1BD5B3EA0006ED8C;
			productRefGroup = DA2E84E51BD5B3EA0006ED8C /* Products */;
			projectDirPath = "";
			projectRoot = "";
			targets = (
				DA2E84E31BD5B3EA0006ED8C /* photosphere */,
			);
		};
/* End PBXProject section */

/* Begin PBXResourcesBuildPhase section */
		DA2E84E21BD5B3EA0006ED8C /* Resources */ = {
			isa = PBXResourcesBuildPhase;
			buildActionMask = 2147483647;
			files = (
				DA2E84F21BD5B3EA0006ED8C /* LaunchScreen.storyboard in Resources */,
				BB3F0DF81BD8BF3C00B4E75B /* APIKeys.plist in Resources */,
				DA2E84EF1BD5B3EA0006ED8C /* Assets.xcassets in Resources */,
				DA2E84ED1BD5B3EA0006ED8C /* Main.storyboard in Resources */,
			);
			runOnlyForDeploymentPostprocessing = 0;
		};
/* End PBXResourcesBuildPhase section */

/* Begin PBXShellScriptBuildPhase section */
		05138D87443A8C75CC768E8C /* Copy Pods Resources */ = {
			isa = PBXShellScriptBuildPhase;
			buildActionMask = 2147483647;
			files = (
			);
			inputPaths = (
			);
			name = "Copy Pods Resources";
			outputPaths = (
			);
			runOnlyForDeploymentPostprocessing = 0;
			shellPath = /bin/sh;
			shellScript = "\"${SRCROOT}/Pods/Target Support Files/Pods/Pods-resources.sh\"\n";
			showEnvVarsInLog = 0;
		};
		EB8F716444A76695F4933FD6 /* Check Pods Manifest.lock */ = {
			isa = PBXShellScriptBuildPhase;
			buildActionMask = 2147483647;
			files = (
			);
			inputPaths = (
			);
			name = "Check Pods Manifest.lock";
			outputPaths = (
			);
			runOnlyForDeploymentPostprocessing = 0;
			shellPath = /bin/sh;
			shellScript = "diff \"${PODS_ROOT}/../Podfile.lock\" \"${PODS_ROOT}/Manifest.lock\" > /dev/null\nif [[ $? != 0 ]] ; then\n    cat << EOM\nerror: The sandbox is not in sync with the Podfile.lock. Run 'pod install' or update your CocoaPods installation.\nEOM\n    exit 1\nfi\n";
			showEnvVarsInLog = 0;
		};
/* End PBXShellScriptBuildPhase section */

/* Begin PBXSourcesBuildPhase section */
		DA2E84E01BD5B3EA0006ED8C /* Sources */ = {
			isa = PBXSourcesBuildPhase;
			buildActionMask = 2147483647;
			files = (
				DA2E84EA1BD5B3EA0006ED8C /* ViewController.swift in Sources */,
				DAD57F9B1BD634CF00D4A43B /* MapViewController.swift in Sources */,
				BB3F0DF61BD8BE1000B4E75B /* APIKeys.swift in Sources */,
				DA2E84E81BD5B3EA0006ED8C /* AppDelegate.swift in Sources */,
			);
			runOnlyForDeploymentPostprocessing = 0;
		};
/* End PBXSourcesBuildPhase section */

/* Begin PBXVariantGroup section */
		DA2E84EB1BD5B3EA0006ED8C /* Main.storyboard */ = {
			isa = PBXVariantGroup;
			children = (
				DA2E84EC1BD5B3EA0006ED8C /* Base */,
			);
			name = Main.storyboard;
			sourceTree = "<group>";
		};
		DA2E84F01BD5B3EA0006ED8C /* LaunchScreen.storyboard */ = {
			isa = PBXVariantGroup;
			children = (
				DA2E84F11BD5B3EA0006ED8C /* Base */,
			);
			name = LaunchScreen.storyboard;
			sourceTree = "<group>";
		};
/* End PBXVariantGroup section */

/* Begin XCBuildConfiguration section */
		DA2E850A1BD5B3EA0006ED8C /* Debug */ = {
			isa = XCBuildConfiguration;
			buildSettings = {
				ALWAYS_SEARCH_USER_PATHS = NO;
				CLANG_CXX_LANGUAGE_STANDARD = "gnu++0x";
				CLANG_CXX_LIBRARY = "libc++";
				CLANG_ENABLE_MODULES = YES;
				CLANG_ENABLE_OBJC_ARC = YES;
				CLANG_WARN_BOOL_CONVERSION = YES;
				CLANG_WARN_CONSTANT_CONVERSION = YES;
				CLANG_WARN_DIRECT_OBJC_ISA_USAGE = YES_ERROR;
				CLANG_WARN_EMPTY_BODY = YES;
				CLANG_WARN_ENUM_CONVERSION = YES;
				CLANG_WARN_INT_CONVERSION = YES;
				CLANG_WARN_OBJC_ROOT_CLASS = YES_ERROR;
				CLANG_WARN_UNREACHABLE_CODE = YES;
				CLANG_WARN__DUPLICATE_METHOD_MATCH = YES;
				"CODE_SIGN_IDENTITY[sdk=iphoneos*]" = "iPhone Developer";
				COPY_PHASE_STRIP = NO;
				DEBUG_INFORMATION_FORMAT = dwarf;
				ENABLE_BITCODE = NO;
				ENABLE_STRICT_OBJC_MSGSEND = YES;
				ENABLE_TESTABILITY = YES;
				GCC_C_LANGUAGE_STANDARD = gnu99;
				GCC_DYNAMIC_NO_PIC = NO;
				GCC_NO_COMMON_BLOCKS = YES;
				GCC_OPTIMIZATION_LEVEL = 0;
				GCC_PREPROCESSOR_DEFINITIONS = (
					"DEBUG=1",
					"$(inherited)",
				);
				GCC_WARN_64_TO_32_BIT_CONVERSION = YES;
				GCC_WARN_ABOUT_RETURN_TYPE = YES_ERROR;
				GCC_WARN_UNDECLARED_SELECTOR = YES;
				GCC_WARN_UNINITIALIZED_AUTOS = YES_AGGRESSIVE;
				GCC_WARN_UNUSED_FUNCTION = YES;
				GCC_WARN_UNUSED_VARIABLE = YES;
				IPHONEOS_DEPLOYMENT_TARGET = 9.0;
				MTL_ENABLE_DEBUG_INFO = YES;
				ONLY_ACTIVE_ARCH = YES;
				SDKROOT = iphoneos;
				SWIFT_OPTIMIZATION_LEVEL = "-Onone";
			};
			name = Debug;
		};
		DA2E850B1BD5B3EA0006ED8C /* Release */ = {
			isa = XCBuildConfiguration;
			buildSettings = {
				ALWAYS_SEARCH_USER_PATHS = NO;
				CLANG_CXX_LANGUAGE_STANDARD = "gnu++0x";
				CLANG_CXX_LIBRARY = "libc++";
				CLANG_ENABLE_MODULES = YES;
				CLANG_ENABLE_OBJC_ARC = YES;
				CLANG_WARN_BOOL_CONVERSION = YES;
				CLANG_WARN_CONSTANT_CONVERSION = YES;
				CLANG_WARN_DIRECT_OBJC_ISA_USAGE = YES_ERROR;
				CLANG_WARN_EMPTY_BODY = YES;
				CLANG_WARN_ENUM_CONVERSION = YES;
				CLANG_WARN_INT_CONVERSION = YES;
				CLANG_WARN_OBJC_ROOT_CLASS = YES_ERROR;
				CLANG_WARN_UNREACHABLE_CODE = YES;
				CLANG_WARN__DUPLICATE_METHOD_MATCH = YES;
				"CODE_SIGN_IDENTITY[sdk=iphoneos*]" = "iPhone Developer";
				COPY_PHASE_STRIP = NO;
				DEBUG_INFORMATION_FORMAT = "dwarf-with-dsym";
				ENABLE_BITCODE = NO;
				ENABLE_NS_ASSERTIONS = NO;
				ENABLE_STRICT_OBJC_MSGSEND = YES;
				GCC_C_LANGUAGE_STANDARD = gnu99;
				GCC_NO_COMMON_BLOCKS = YES;
				GCC_WARN_64_TO_32_BIT_CONVERSION = YES;
				GCC_WARN_ABOUT_RETURN_TYPE = YES_ERROR;
				GCC_WARN_UNDECLARED_SELECTOR = YES;
				GCC_WARN_UNINITIALIZED_AUTOS = YES_AGGRESSIVE;
				GCC_WARN_UNUSED_FUNCTION = YES;
				GCC_WARN_UNUSED_VARIABLE = YES;
				IPHONEOS_DEPLOYMENT_TARGET = 9.0;
				MTL_ENABLE_DEBUG_INFO = NO;
				SDKROOT = iphoneos;
				VALIDATE_PRODUCT = YES;
			};
			name = Release;
		};
		DA2E850D1BD5B3EA0006ED8C /* Debug */ = {
			isa = XCBuildConfiguration;
			baseConfigurationReference = 58F082AC389DD6DF27A23221 /* Pods.debug.xcconfig */;
			buildSettings = {
				ASSETCATALOG_COMPILER_APPICON_NAME = AppIcon;
				CODE_SIGN_IDENTITY = "iPhone Developer";
				"CODE_SIGN_IDENTITY[sdk=iphoneos*]" = "iPhone Developer";
				INFOPLIST_FILE = photosphere/Info.plist;
				IPHONEOS_DEPLOYMENT_TARGET = 8.0;
				LD_RUNPATH_SEARCH_PATHS = "$(inherited) @executable_path/Frameworks";
				PRODUCT_BUNDLE_IDENTIFIER = com.codepath.photosphere;
				PRODUCT_NAME = "$(TARGET_NAME)";
				PROVISIONING_PROFILE = "";
			};
			name = Debug;
		};
		DA2E850E1BD5B3EA0006ED8C /* Release */ = {
			isa = XCBuildConfiguration;
			baseConfigurationReference = 025923A6ED354FB7982E722B /* Pods.release.xcconfig */;
			buildSettings = {
				ASSETCATALOG_COMPILER_APPICON_NAME = AppIcon;
				CODE_SIGN_IDENTITY = "iPhone Developer";
				"CODE_SIGN_IDENTITY[sdk=iphoneos*]" = "iPhone Developer";
				INFOPLIST_FILE = photosphere/Info.plist;
				IPHONEOS_DEPLOYMENT_TARGET = 8.0;
				LD_RUNPATH_SEARCH_PATHS = "$(inherited) @executable_path/Frameworks";
				PRODUCT_BUNDLE_IDENTIFIER = com.codepath.photosphere;
				PRODUCT_NAME = "$(TARGET_NAME)";
				PROVISIONING_PROFILE = "";
			};
			name = Release;
		};
/* End XCBuildConfiguration section */

/* Begin XCConfigurationList section */
		DA2E84DF1BD5B3EA0006ED8C /* Build configuration list for PBXProject "photosphere" */ = {
			isa = XCConfigurationList;
			buildConfigurations = (
				DA2E850A1BD5B3EA0006ED8C /* Debug */,
				DA2E850B1BD5B3EA0006ED8C /* Release */,
			);
			defaultConfigurationIsVisible = 0;
			defaultConfigurationName = Release;
		};
		DA2E850C1BD5B3EA0006ED8C /* Build configuration list for PBXNativeTarget "photosphere" */ = {
			isa = XCConfigurationList;
			buildConfigurations = (
				DA2E850D1BD5B3EA0006ED8C /* Debug */,
				DA2E850E1BD5B3EA0006ED8C /* Release */,
			);
			defaultConfigurationIsVisible = 0;
			defaultConfigurationName = Release;
		};
/* End XCConfigurationList section */
	};
	rootObject = DA2E84DC1BD5B3EA0006ED8C /* Project object */;
}
